# THIS IS AN AUTOGENERATED FILE. DO NOT EDIT THIS FILE DIRECTLY.
# yarn lockfile v1


"@types/node@^18.0.0":
  version "18.17.1"
  resolved "https://registry.yarnpkg.com/@types/node/-/node-18.17.1.tgz#84c32903bf3a09f7878c391d31ff08f6fe7d8335"
  integrity sha512-xlR1jahfizdplZYRU59JlUx9uzF1ARa8jbhM11ccpCJya8kvos5jwdm2ZAgxSCwOl0fq21svP18EVwPBXMQudw==
